
Microsoft Visual Studio Solution File, Format Version 12.00
# Visual Studio 2012
Project("{2150E333-8FDC-42A3-9474-1A3956D46DE8}") = "SDK", "SDK", "{12A5F878-0DE9-4565-B322-56D7C12071DE}"
EndProject
Project("{FAE04EC0-301F-11D3-BF4B-00C04F79EFBC}") = "LaunchKey.SDK", "LaunchKey.SDK\LaunchKey.SDK.csproj", "{4BCB8113-AE90-4193-A45C-E62749725619}"
EndProject
Project("{FAE04EC0-301F-11D3-BF4B-00C04F79EFBC}") = "LaunchKey.SDK.Tests", "LaunchKey.SDK.Tests\LaunchKey.SDK.Tests.csproj", "{6436BE59-E875-4FB5-8ABA-3D01413C9F30}"
EndProject
Project("{2150E333-8FDC-42A3-9474-1A3956D46DE8}") = ".nuget", ".nuget", "{F20923B5-56A3-4530-96D0-7B36C1D7EF9B}"
	ProjectSection(SolutionItems) = preProject
		.nuget\NuGet.Config = .nuget\NuGet.Config
		.nuget\NuGet.exe = .nuget\NuGet.exe
		.nuget\NuGet.targets = .nuget\NuGet.targets
	EndProjectSection
EndProject
Project("{FAE04EC0-301F-11D3-BF4B-00C04F79EFBC}") = "LaunchKey.TestConsole", "LaunchKey.TestConsole\LaunchKey.TestConsole.csproj", "{FEBE9F48-F857-411A-A03D-6335973F83DB}"
EndProject
Global
	GlobalSection(SolutionConfigurationPlatforms) = preSolution
		Debug|Any CPU = Debug|Any CPU
		Release|Any CPU = Release|Any CPU
	EndGlobalSection
	GlobalSection(ProjectConfigurationPlatforms) = postSolution
		{4BCB8113-AE90-4193-A45C-E62749725619}.Debug|Any CPU.ActiveCfg = Debug|Any CPU
		{4BCB8113-AE90-4193-A45C-E62749725619}.Debug|Any CPU.Build.0 = Debug|Any CPU
		{4BCB8113-AE90-4193-A45C-E62749725619}.Release|Any CPU.ActiveCfg = Release|Any CPU
		{4BCB8113-AE90-4193-A45C-E62749725619}.Release|Any CPU.Build.0 = Release|Any CPU
		{6436BE59-E875-4FB5-8ABA-3D01413C9F30}.Debug|Any CPU.ActiveCfg = Debug|Any CPU
		{6436BE59-E875-4FB5-8ABA-3D01413C9F30}.Debug|Any CPU.Build.0 = Debug|Any CPU
		{6436BE59-E875-4FB5-8ABA-3D01413C9F30}.Release|Any CPU.ActiveCfg = Release|Any CPU
		{6436BE59-E875-4FB5-8ABA-3D01413C9F30}.Release|Any CPU.Build.0 = Release|Any CPU
		{FEBE9F48-F857-411A-A03D-6335973F83DB}.Debug|Any CPU.ActiveCfg = Debug|Any CPU
		{FEBE9F48-F857-411A-A03D-6335973F83DB}.Debug|Any CPU.Build.0 = Debug|Any CPU
		{FEBE9F48-F857-411A-A03D-6335973F83DB}.Release|Any CPU.ActiveCfg = Release|Any CPU
		{FEBE9F48-F857-411A-A03D-6335973F83DB}.Release|Any CPU.Build.0 = Release|Any CPU
	EndGlobalSection
	GlobalSection(SolutionProperties) = preSolution
		HideSolutionNode = FALSE
	EndGlobalSection
	GlobalSection(NestedProjects) = preSolution
		{4BCB8113-AE90-4193-A45C-E62749725619} = {12A5F878-0DE9-4565-B322-56D7C12071DE}
		{6436BE59-E875-4FB5-8ABA-3D01413C9F30} = {12A5F878-0DE9-4565-B322-56D7C12071DE}
		{FEBE9F48-F857-411A-A03D-6335973F83DB} = {12A5F878-0DE9-4565-B322-56D7C12071DE}
	EndGlobalSection
EndGlobal
